<?xml version="1.0" encoding="utf-8"?>
<Project ToolsVersion="4.0" xmlns="http://schemas.microsoft.com/developer/msbuild/2003">
  <ItemGroup>
    <Filter Include="Исходные файлы">
      <UniqueIdentifier>{4FC737F1-C7A5-4376-A066-2A32D752A2FF}</UniqueIdentifier>
      <Extensions>cpp;c;cc;cxx;c++;cppm;ixx;def;odl;idl;hpj;bat;asm;asmx</Extensions>
    </Filter>
    <Filter Include="Shaders">
      <UniqueIdentifier>{e2ddbbe4-1a91-4657-b7d5-63fa64ac13eb}</UniqueIdentifier>
    </Filter>
    <Filter Include="Shaders\Vertex">
      <UniqueIdentifier>{401cd0a4-3c41-4f57-ba9c-d13153ea6492}</UniqueIdentifier>
    </Filter>
    <Filter Include="Shaders\Fragment">
      <UniqueIdentifier>{a0c744d5-2239-4197-afe5-be428ace1103}</UniqueIdentifier>
    </Filter>
    <Filter Include="Classes">
      <UniqueIdentifier>{ee798bcc-1e1c-40d0-9478-1634aba4f5a6}</UniqueIdentifier>
    </Filter>
    <Filter Include="Classes\Файлы ресурсов">
      <UniqueIdentifier>{e23ccbf8-10cc-4058-9a9c-be40ed92fb33}</UniqueIdentifier>
    </Filter>
    <Filter Include="Classes\Файлы заголовков">
      <UniqueIdentifier>{9b1afe95-fa2e-4fbb-8d78-cef55d1873be}</UniqueIdentifier>
    </Filter>
    <Filter Include="Types">
      <UniqueIdentifier>{584b0972-fe1d-45b2-bee4-256df8bc132f}</UniqueIdentifier>
    </Filter>
    <Filter Include="Constants">
      <UniqueIdentifier>{23c9089e-a8df-48a1-8873-2fc4722235aa}</UniqueIdentifier>
    </Filter>
    <Filter Include="Textures">
      <UniqueIdentifier>{bda6f163-ae58-4eaa-869a-8c2115a5b620}</UniqueIdentifier>
    </Filter>
  </ItemGroup>
  <ItemGroup>
    <ClCompile Include="Main.cpp">
      <Filter>Исходные файлы</Filter>
    </ClCompile>
    <ClCompile Include="gald.c">
      <Filter>Исходные файлы</Filter>
    </ClCompile>
    <ClCompile Include="Classes\Line.cpp">
      <Filter>Classes\Файлы ресурсов</Filter>
    </ClCompile>
    <ClCompile Include="Classes\Mat.cpp">
      <Filter>Classes\Файлы ресурсов</Filter>
    </ClCompile>
    <ClCompile Include="Classes\Menu.cpp">
      <Filter>Classes\Файлы ресурсов</Filter>
    </ClCompile>
    <ClCompile Include="Classes\Shader.cpp">
      <Filter>Classes\Файлы ресурсов</Filter>
    </ClCompile>
    <ClCompile Include="SubClasses\MenuFunctions.cpp">
      <Filter>Classes\Файлы ресурсов</Filter>
    </ClCompile>
    <ClCompile Include="SubClasses\OpenGLRealisation.cpp">
      <Filter>Classes\Файлы ресурсов</Filter>
    </ClCompile>
    <ClCompile Include="SubClasses\Linker.cpp">
      <Filter>Classes\Файлы ресурсов</Filter>
    </ClCompile>
    <ClCompile Include="SubClasses\Game.cpp">
      <Filter>Classes\Файлы ресурсов</Filter>
    </ClCompile>
    <ClCompile Include="Classes\Color.cpp">
      <Filter>Classes\Файлы ресурсов</Filter>
    </ClCompile>
    <ClCompile Include="stb_image.cpp">
      <Filter>Исходные файлы</Filter>
    </ClCompile>
    <ClCompile Include="Classes\Texture.cpp">
      <Filter>Classes\Файлы ресурсов</Filter>
    </ClCompile>
    <ClCompile Include="Classes\Camera.cpp">
      <Filter>Classes\Файлы ресурсов</Filter>
    </ClCompile>
    <ClCompile Include="Classes\Entity.cpp">
      <Filter>Classes\Файлы ресурсов</Filter>
    </ClCompile>
    <ClCompile Include="Classes\Map.cpp">
      <Filter>Classes\Файлы ресурсов</Filter>
    </ClCompile>
    <ClCompile Include="Classes\Buffer.cpp">
      <Filter>Classes\Файлы ресурсов</Filter>
    </ClCompile>
    <ClCompile Include="Classes\Logs.cpp">
      <Filter>Classes\Файлы ресурсов</Filter>
    </ClCompile>
    <ClCompile Include="SubClasses\GameMemory.cpp">
      <Filter>Classes\Файлы ресурсов</Filter>
    </ClCompile>
    <ClCompile Include="SubClasses\GamePhysic.cpp">
      <Filter>Classes\Файлы ресурсов</Filter>
    </ClCompile>
    <ClCompile Include="SubClasses\GameMap.cpp">
      <Filter>Classes\Файлы ресурсов</Filter>
    </ClCompile>
  </ItemGroup>
  <ItemGroup>
    <None Include="Shaders\Objects\Fragment\Asteroid.glsl">
      <Filter>Shaders\Fragment</Filter>
    </None>
    <None Include="Shaders\Objects\Fragment\Bomb.glsl">
      <Filter>Shaders\Fragment</Filter>
    </None>
    <None Include="Shaders\Objects\Fragment\Bonus.glsl">
      <Filter>Shaders\Fragment</Filter>
    </None>
    <None Include="Shaders\Objects\Fragment\Bullet.glsl">
      <Filter>Shaders\Fragment</Filter>
    </None>
    <None Include="Shaders\Objects\Fragment\Knife.glsl">
      <Filter>Shaders\Fragment</Filter>
    </None>
    <None Include="Shaders\Objects\Fragment\Laser.glsl">
      <Filter>Shaders\Fragment</Filter>
    </None>
    <None Include="Shaders\Objects\Fragment\MegaLaser.glsl">
      <Filter>Shaders\Fragment</Filter>
    </None>
    <None Include="Shaders\Objects\Fragment\Pilot.glsl">
      <Filter>Shaders\Fragment</Filter>
    </None>
    <None Include="Shaders\Objects\Fragment\Ship.glsl">
      <Filter>Shaders\Fragment</Filter>
    </None>
    <None Include="Shaders\Objects\Fragment\Turel.glsl">
      <Filter>Shaders\Fragment</Filter>
    </None>
    <None Include="Shaders\Map\Fragment\Cyrcle.glsl">
      <Filter>Shaders\Fragment</Filter>
    </None>
    <None Include="Shaders\Map\Fragment\Polygon.glsl">
      <Filter>Shaders\Fragment</Filter>
    </None>
    <None Include="Shaders\Map\Fragment\Rectangle.glsl">
      <Filter>Shaders\Fragment</Filter>
    </None>
    <None Include="Shaders\Map\Vertex\Cyrcle.glsl">
      <Filter>Shaders\Vertex</Filter>
    </None>
    <None Include="Shaders\Map\Vertex\Polygon.glsl">
      <Filter>Shaders\Vertex</Filter>
    </None>
    <None Include="Shaders\Map\Vertex\Rectangle.glsl">
      <Filter>Shaders\Vertex</Filter>
    </None>
    <None Include="Shaders\Objects\Vertex\Asteroid.glsl">
      <Filter>Shaders\Vertex</Filter>
    </None>
    <None Include="Shaders\Objects\Vertex\Bomb.glsl">
      <Filter>Shaders\Vertex</Filter>
    </None>
    <None Include="Shaders\Objects\Vertex\Bonus.glsl">
      <Filter>Shaders\Vertex</Filter>
    </None>
    <None Include="Shaders\Objects\Vertex\Bullet.glsl">
      <Filter>Shaders\Vertex</Filter>
    </None>
    <None Include="Shaders\Objects\Vertex\Knife.glsl">
      <Filter>Shaders\Vertex</Filter>
    </None>
    <None Include="Shaders\Objects\Vertex\Laser.glsl">
      <Filter>Shaders\Vertex</Filter>
    </None>
    <None Include="Shaders\Objects\Vertex\MegaLaser.glsl">
      <Filter>Shaders\Vertex</Filter>
    </None>
    <None Include="Shaders\Objects\Vertex\Pilot.glsl">
      <Filter>Shaders\Vertex</Filter>
    </None>
    <None Include="Shaders\Objects\Vertex\Ship.glsl">
      <Filter>Shaders\Vertex</Filter>
    </None>
    <None Include="Shaders\Objects\Vertex\Turel.glsl">
      <Filter>Shaders\Vertex</Filter>
    </None>
    <None Include="Shaders\Menu\Vertex\Button.glsl">
      <Filter>Shaders\Vertex</Filter>
    </None>
    <None Include="Shaders\Menu\Fragment\Button.glsl">
      <Filter>Shaders\Fragment</Filter>
    </None>
    <None Include="Shaders\Menu\Fragment\Controler.glsl">
      <Filter>Shaders\Fragment</Filter>
    </None>
    <None Include="Shaders\Menu\Vertex\Controler.glsl">
      <Filter>Shaders\Vertex</Filter>
    </None>
    <None Include="Shaders\Objects\Fragment\Deceler.glsl">
      <Filter>Shaders\Fragment</Filter>
    </None>
    <None Include="Shaders\Objects\Vertex\Deceler.glsl">
      <Filter>Shaders\Vertex</Filter>
    </None>
    <None Include="Shaders\Objects\Fragment\Particle.glsl">
      <Filter>Shaders\Fragment</Filter>
    </None>
    <None Include="Shaders\Objects\Vertex\Particle.glsl">
      <Filter>Shaders\Vertex</Filter>
    </None>
    <None Include="Shaders\Objects\Fragment\DynamicParticle.glsl">
      <Filter>Shaders\Fragment</Filter>
    </None>
    <None Include="Shaders\Objects\Vertex\DynamicParticle.glsl">
      <Filter>Shaders\Vertex</Filter>
    </None>
    <None Include="Shaders\Objects\Fragment\Portal.glsl">
      <Filter>Shaders\Fragment</Filter>
    </None>
    <None Include="Shaders\Objects\Vertex\Portal.glsl">
      <Filter>Shaders\Vertex</Filter>
    </None>
    <None Include="Shaders\Objects\Fragment\GravGen.glsl">
      <Filter>Shaders\Fragment</Filter>
    </None>
    <None Include="Shaders\Objects\Vertex\GravGen.glsl">
      <Filter>Shaders\Vertex</Filter>
    </None>
  </ItemGroup>
  <ItemGroup>
    <ClInclude Include="Classes\GameEngine.h">
      <Filter>Classes\Файлы заголовков</Filter>
    </ClInclude>
    <ClInclude Include="Classes\Line.h">
      <Filter>Classes\Файлы заголовков</Filter>
    </ClInclude>
    <ClInclude Include="Classes\Mat.h">
      <Filter>Classes\Файлы заголовков</Filter>
    </ClInclude>
    <ClInclude Include="Classes\Menu.h">
      <Filter>Classes\Файлы заголовков</Filter>
    </ClInclude>
    <ClInclude Include="Classes\Shader.h">
      <Filter>Classes\Файлы заголовков</Filter>
    </ClInclude>
    <ClInclude Include="Types\GameRealisationTypes.h">
      <Filter>Types</Filter>
    </ClInclude>
    <ClInclude Include="Types\MenuRealisationTypes.h">
      <Filter>Types</Filter>
    </ClInclude>
    <ClInclude Include="Types\OpenGLRealisationTypes.h">
      <Filter>Types</Filter>
    </ClInclude>
    <ClInclude Include="Types\GameEngineTypes.h">
      <Filter>Types</Filter>
    </ClInclude>
    <ClInclude Include="SubClasses\MenuFunctions.h">
      <Filter>Classes\Файлы заголовков</Filter>
    </ClInclude>
    <ClInclude Include="SubClasses\OpenGLRealisation.h">
      <Filter>Classes\Файлы заголовков</Filter>
    </ClInclude>
    <ClInclude Include="SubClasses\Linker.h">
      <Filter>Classes\Файлы заголовков</Filter>
    </ClInclude>
    <ClInclude Include="SubClasses\Game.h">
      <Filter>Classes\Файлы заголовков</Filter>
    </ClInclude>
    <ClInclude Include="Constants\GameEngineConstants.h">
      <Filter>Constants</Filter>
    </ClInclude>
    <ClInclude Include="Constants\GameRealisationConstants.h">
      <Filter>Constants</Filter>
    </ClInclude>
    <ClInclude Include="Constants\MenuRealisationConstants.h">
      <Filter>Constants</Filter>
    </ClInclude>
    <ClInclude Include="Constants\OpenGLRealisationConstants.h">
      <Filter>Constants</Filter>
    </ClInclude>
    <ClInclude Include="Constants\AllConstants.h">
      <Filter>Constants</Filter>
    </ClInclude>
    <ClInclude Include="Classes\Color.h">
      <Filter>Classes\Файлы заголовков</Filter>
    </ClInclude>
    <ClInclude Include="stb_image.h">
      <Filter>Исходные файлы</Filter>
    </ClInclude>
    <ClInclude Include="Classes\Texture.h">
      <Filter>Classes\Файлы заголовков</Filter>
    </ClInclude>
    <ClInclude Include="Classes\Camera.h">
      <Filter>Classes\Файлы заголовков</Filter>
    </ClInclude>
    <ClInclude Include="Types\AllTypes.h">
      <Filter>Types</Filter>
    </ClInclude>
    <ClInclude Include="Classes\Entity.h">
      <Filter>Classes\Файлы заголовков</Filter>
    </ClInclude>
    <ClInclude Include="Classes\Map.h">
      <Filter>Classes\Файлы заголовков</Filter>
    </ClInclude>
    <ClInclude Include="Classes\Math.h">
      <Filter>Classes\Файлы заголовков</Filter>
    </ClInclude>
    <ClInclude Include="Classes\Buffer.h">
      <Filter>Classes\Файлы заголовков</Filter>
    </ClInclude>
    <ClInclude Include="Classes\Logs.h">
      <Filter>Classes\Файлы заголовков</Filter>
    </ClInclude>
  </ItemGroup>
  <ItemGroup>
    <Image Include="Textures\Symbols.bmp">
      <Filter>Textures</Filter>
    </Image>
  </ItemGroup>
</Project>