<?xml version="1.0" encoding="utf-8"?>
<Project ToolsVersion="4.0" xmlns="http://schemas.microsoft.com/developer/msbuild/2003">
  <ItemGroup>
    <Filter Include="Исходные файлы">
      <UniqueIdentifier>{4FC737F1-C7A5-4376-A066-2A32D752A2FF}</UniqueIdentifier>
      <Extensions>cpp;c;cc;cxx;c++;cppm;ixx;def;odl;idl;hpj;bat;asm;asmx</Extensions>
    </Filter>
    <Filter Include="Shaders">
      <UniqueIdentifier>{e2ddbbe4-1a91-4657-b7d5-63fa64ac13eb}</UniqueIdentifier>
    </Filter>
    <Filter Include="Shaders\Vertex">
      <UniqueIdentifier>{401cd0a4-3c41-4f57-ba9c-d13153ea6492}</UniqueIdentifier>
    </Filter>
    <Filter Include="Shaders\Fragment">
      <UniqueIdentifier>{a0c744d5-2239-4197-afe5-be428ace1103}</UniqueIdentifier>
    </Filter>
    <Filter Include="Classes">
      <UniqueIdentifier>{ee798bcc-1e1c-40d0-9478-1634aba4f5a6}</UniqueIdentifier>
    </Filter>
    <Filter Include="Classes\Файлы ресурсов">
      <UniqueIdentifier>{e23ccbf8-10cc-4058-9a9c-be40ed92fb33}</UniqueIdentifier>
    </Filter>
    <Filter Include="Classes\Файлы заголовков">
      <UniqueIdentifier>{9b1afe95-fa2e-4fbb-8d78-cef55d1873be}</UniqueIdentifier>
    </Filter>
    <Filter Include="GameRealisation">
      <UniqueIdentifier>{51be4966-05e4-41fd-ba98-0d98d9f2ae6c}</UniqueIdentifier>
    </Filter>
    <Filter Include="Types">
      <UniqueIdentifier>{584b0972-fe1d-45b2-bee4-256df8bc132f}</UniqueIdentifier>
    </Filter>
    <Filter Include="MenuRealisation">
      <UniqueIdentifier>{768e48dc-4278-46f2-9366-7c583c5dc041}</UniqueIdentifier>
    </Filter>
    <Filter Include="OpenGLRealisation">
      <UniqueIdentifier>{7fbd2602-dd7e-4797-ae6f-a72c289e72fc}</UniqueIdentifier>
    </Filter>
  </ItemGroup>
  <ItemGroup>
    <ClCompile Include="Main.cpp">
      <Filter>Исходные файлы</Filter>
    </ClCompile>
    <ClCompile Include="gald.c">
      <Filter>Исходные файлы</Filter>
    </ClCompile>
    <ClCompile Include="Classes\GameEngine.cpp">
      <Filter>Classes\Файлы ресурсов</Filter>
    </ClCompile>
    <ClCompile Include="Classes\Line.cpp">
      <Filter>Classes\Файлы ресурсов</Filter>
    </ClCompile>
    <ClCompile Include="Classes\Mat.cpp">
      <Filter>Classes\Файлы ресурсов</Filter>
    </ClCompile>
    <ClCompile Include="Classes\Menu.cpp">
      <Filter>Classes\Файлы ресурсов</Filter>
    </ClCompile>
    <ClCompile Include="Classes\Vec.cpp">
      <Filter>Classes\Файлы ресурсов</Filter>
    </ClCompile>
    <ClCompile Include="GameRealisation.cpp">
      <Filter>GameRealisation</Filter>
    </ClCompile>
    <ClCompile Include="Classes\Shader.cpp">
      <Filter>Classes\Файлы ресурсов</Filter>
    </ClCompile>
    <ClCompile Include="MenuRealisation.cpp">
      <Filter>MenuRealisation</Filter>
    </ClCompile>
    <ClCompile Include="OpenGLRealisation.cpp">
      <Filter>OpenGLRealisation</Filter>
    </ClCompile>
  </ItemGroup>
  <ItemGroup>
    <None Include="Shaders\Objects\Fragment\Asteroid.glsl">
      <Filter>Shaders\Fragment</Filter>
    </None>
    <None Include="Shaders\Objects\Fragment\Bomb.glsl">
      <Filter>Shaders\Fragment</Filter>
    </None>
    <None Include="Shaders\Objects\Fragment\Bonus.glsl">
      <Filter>Shaders\Fragment</Filter>
    </None>
    <None Include="Shaders\Objects\Fragment\Bullet.glsl">
      <Filter>Shaders\Fragment</Filter>
    </None>
    <None Include="Shaders\Objects\Fragment\Knife.glsl">
      <Filter>Shaders\Fragment</Filter>
    </None>
    <None Include="Shaders\Objects\Fragment\Laser.glsl">
      <Filter>Shaders\Fragment</Filter>
    </None>
    <None Include="Shaders\Objects\Fragment\MegaLaser.glsl">
      <Filter>Shaders\Fragment</Filter>
    </None>
    <None Include="Shaders\Objects\Fragment\Pilot.glsl">
      <Filter>Shaders\Fragment</Filter>
    </None>
    <None Include="Shaders\Objects\Fragment\Ship.glsl">
      <Filter>Shaders\Fragment</Filter>
    </None>
    <None Include="Shaders\Objects\Fragment\Turel.glsl">
      <Filter>Shaders\Fragment</Filter>
    </None>
    <None Include="Shaders\Map\Fragment\Cyrcle.glsl">
      <Filter>Shaders\Fragment</Filter>
    </None>
    <None Include="Shaders\Map\Fragment\Polygon.glsl">
      <Filter>Shaders\Fragment</Filter>
    </None>
    <None Include="Shaders\Map\Fragment\Rectangle.glsl">
      <Filter>Shaders\Fragment</Filter>
    </None>
    <None Include="Shaders\Map\Vertex\Cyrcle.glsl">
      <Filter>Shaders\Vertex</Filter>
    </None>
    <None Include="Shaders\Map\Vertex\Polygon.glsl">
      <Filter>Shaders\Vertex</Filter>
    </None>
    <None Include="Shaders\Map\Vertex\Rectangle.glsl">
      <Filter>Shaders\Vertex</Filter>
    </None>
    <None Include="Shaders\Objects\Vertex\Asteroid.glsl">
      <Filter>Shaders\Vertex</Filter>
    </None>
    <None Include="Shaders\Objects\Vertex\Bomb.glsl">
      <Filter>Shaders\Vertex</Filter>
    </None>
    <None Include="Shaders\Objects\Vertex\Bonus.glsl">
      <Filter>Shaders\Vertex</Filter>
    </None>
    <None Include="Shaders\Objects\Vertex\Bullet.glsl">
      <Filter>Shaders\Vertex</Filter>
    </None>
    <None Include="Shaders\Objects\Vertex\Knife.glsl">
      <Filter>Shaders\Vertex</Filter>
    </None>
    <None Include="Shaders\Objects\Vertex\Laser.glsl">
      <Filter>Shaders\Vertex</Filter>
    </None>
    <None Include="Shaders\Objects\Vertex\MegaLaser.glsl">
      <Filter>Shaders\Vertex</Filter>
    </None>
    <None Include="Shaders\Objects\Vertex\Pilot.glsl">
      <Filter>Shaders\Vertex</Filter>
    </None>
    <None Include="Shaders\Objects\Vertex\Ship.glsl">
      <Filter>Shaders\Vertex</Filter>
    </None>
    <None Include="Shaders\Objects\Vertex\Turel.glsl">
      <Filter>Shaders\Vertex</Filter>
    </None>
  </ItemGroup>
  <ItemGroup>
    <ClInclude Include="Classes\GameEngine.h">
      <Filter>Classes\Файлы заголовков</Filter>
    </ClInclude>
    <ClInclude Include="Classes\Line.h">
      <Filter>Classes\Файлы заголовков</Filter>
    </ClInclude>
    <ClInclude Include="Classes\Mat.h">
      <Filter>Classes\Файлы заголовков</Filter>
    </ClInclude>
    <ClInclude Include="Classes\Menu.h">
      <Filter>Classes\Файлы заголовков</Filter>
    </ClInclude>
    <ClInclude Include="Classes\Vec.h">
      <Filter>Classes\Файлы заголовков</Filter>
    </ClInclude>
    <ClInclude Include="GameRealisation.h">
      <Filter>GameRealisation</Filter>
    </ClInclude>
    <ClInclude Include="Classes\Shader.h">
      <Filter>Classes\Файлы заголовков</Filter>
    </ClInclude>
    <ClInclude Include="Types\GameRealisationTypes.h">
      <Filter>Types</Filter>
    </ClInclude>
    <ClInclude Include="Types\MenuRealisationTypes.h">
      <Filter>Types</Filter>
    </ClInclude>
    <ClInclude Include="Types\OpenGLRealisationTypes.h">
      <Filter>Types</Filter>
    </ClInclude>
    <ClInclude Include="Types\ClassesTypes.h">
      <Filter>Types</Filter>
    </ClInclude>
    <ClInclude Include="MenuRealisation.h">
      <Filter>MenuRealisation</Filter>
    </ClInclude>
    <ClInclude Include="OpenGLRealisation.h">
      <Filter>OpenGLRealisation</Filter>
    </ClInclude>
  </ItemGroup>
</Project>